// !$*UTF8*$!
{
	archiveVersion = 1;
	classes = {
	};
	objectVersion = 46;
	objects = {

/* Begin PBXBuildFile section */
		DD8F737F1E000234003E014D /* AppDelegate.swift in Sources */ = {isa = PBXBuildFile; fileRef = DD8F737E1E000234003E014D /* AppDelegate.swift */; };
		DD8F73811E000234003E014D /* ViewController.swift in Sources */ = {isa = PBXBuildFile; fileRef = DD8F73801E000234003E014D /* ViewController.swift */; };
		DD8F73861E000234003E014D /* Assets.xcassets in Resources */ = {isa = PBXBuildFile; fileRef = DD8F73851E000234003E014D /* Assets.xcassets */; };
		DD8F73891E000234003E014D /* LaunchScreen.storyboard in Resources */ = {isa = PBXBuildFile; fileRef = DD8F73871E000234003E014D /* LaunchScreen.storyboard */; };
/* End PBXBuildFile section */

/* Begin PBXFileReference section */
		DD8F737B1E000234003E014D /* friendShip.app */ = {isa = PBXFileReference; explicitFileType = wrapper.application; includeInIndex = 0; path = friendShip.app; sourceTree = BUILT_PRODUCTS_DIR; };
		DD8F737E1E000234003E014D /* AppDelegate.swift */ = {isa = PBXFileReference; lastKnownFileType = sourcecode.swift; path = AppDelegate.swift; sourceTree = "<group>"; };
		DD8F73801E000234003E014D /* ViewController.swift */ = {isa = PBXFileReference; lastKnownFileType = sourcecode.swift; path = ViewController.swift; sourceTree = "<group>"; };
		DD8F73851E000234003E014D /* Assets.xcassets */ = {isa = PBXFileReference; lastKnownFileType = folder.assetcatalog; path = Assets.xcassets; sourceTree = "<group>"; };
		DD8F73881E000234003E014D /* Base */ = {isa = PBXFileReference; lastKnownFileType = file.storyboard; name = Base; path = Base.lproj/LaunchScreen.storyboard; sourceTree = "<group>"; };
		DD8F738A1E000234003E014D /* Info.plist */ = {isa = PBXFileReference; lastKnownFileType = text.plist.xml; path = Info.plist; sourceTree = "<group>"; };
/* End PBXFileReference section */

/* Begin PBXFrameworksBuildPhase section */
		DD8F73781E000234003E014D /* Frameworks */ = {
			isa = PBXFrameworksBuildPhase;
			buildActionMask = 2147483647;
			files = (
			);
			runOnlyForDeploymentPostprocessing = 0;
		};
/* End PBXFrameworksBuildPhase section */

/* Begin PBXGroup section */
		DD8F73721E000234003E014D = {
			isa = PBXGroup;
			children = (
				DD8F737D1E000234003E014D /* friendShip */,
				DD8F737C1E000234003E014D /* Products */,
			);
			sourceTree = "<group>";
		};
		DD8F737C1E000234003E014D /* Products */ = {
			isa = PBXGroup;
			children = (
				DD8F737B1E000234003E014D /* friendShip.app */,
			);
			name = Products;
			sourceTree = "<group>";
		};
		DD8F737D1E000234003E014D /* friendShip */ = {
			isa = PBXGroup;
			children = (
				DD8F737E1E000234003E014D /* AppDelegate.swift */,
				DD8F73801E000234003E014D /* ViewController.swift */,
				DD8F73851E000234003E014D /* Assets.xcassets */,
				DD8F73871E000234003E014D /* LaunchScreen.storyboard */,
				DD8F738A1E000234003E014D /* Info.plist */,
			);
			path = friendShip;
			sourceTree = "<group>";
		};
/* End PBXGroup section */

/* Begin PBXNativeTarget section */
		DD8F737A1E000234003E014D /* friendShip */ = {
			isa = PBXNativeTarget;
			buildConfigurationList = DD8F738D1E000234003E014D /* Build configuration list for PBXNativeTarget "friendShip" */;
			buildPhases = (
				DD8F73771E000234003E014D /* Sources */,
				DD8F73781E000234003E014D /* Frameworks */,
				DD8F73791E000234003E014D /* Resources */,
			);
			buildRules = (
			);
			dependencies = (
			);
			name = friendShip;
			productName = friendShip;
			productReference = DD8F737B1E000234003E014D /* friendShip.app */;
			productType = "com.apple.product-type.application";
		};
/* End PBXNativeTarget section */

/* Begin PBXProject section */
		DD8F73731E000234003E014D /* Project object */ = {
			isa = PBXProject;
			attributes = {
				LastSwiftUpdateCheck = 0810;
				LastUpgradeCheck = 0810;
				ORGANIZATIONNAME = 365ime;
				TargetAttributes = {
					DD8F737A1E000234003E014D = {
						CreatedOnToolsVersion = 8.1;
						DevelopmentTeam = Y364PD6P4Y;
						ProvisioningStyle = Automatic;
					};
				};
			};
			buildConfigurationList = DD8F73761E000234003E014D /* Build configuration list for PBXProject "friendShip" */;
			compatibilityVersion = "Xcode 3.2";
			developmentRegion = English;
			hasScannedForEncodings = 0;
			knownRegions = (
				en,
				Base,
			);
			mainGroup = DD8F73721E000234003E014D;
			productRefGroup = DD8F737C1E000234003E014D /* Products */;
			projectDirPath = "";
			projectRoot = "";
			targets = (
				DD8F737A1E000234003E014D /* friendShip */,
			);
		};
/* End PBXProject section */

/* Begin PBXResourcesBuildPhase section */
		DD8F73791E000234003E014D /* Resources */ = {
			isa = PBXResourcesBuildPhase;
			buildActionMask = 2147483647;
			files = (
				DD8F73891E000234003E014D /* LaunchScreen.storyboard in Resources */,
				DD8F73861E000234003E014D /* Assets.xcassets in Resources */,
			);
			runOnlyForDeploymentPostprocessing = 0;
		};
/* End PBXResourcesBuildPhase section */

/* Begin PBXSourcesBuildPhase section */
		DD8F73771E000234003E014D /* Sources */ = {
			isa = PBXSourcesBuildPhase;
			buildActionMask = 2147483647;
			files = (
				DD8F73811E000234003E014D /* ViewController.swift in Sources */,
				DD8F737F1E000234003E014D /* AppDelegate.swift in Sources */,
			);
			runOnlyForDeploymentPostprocessing = 0;
		};
/* End PBXSourcesBuildPhase section */

/* Begin PBXVariantGroup section */
		DD8F73871E000234003E014D /* LaunchScreen.storyboard */ = {
			isa = PBXVariantGroup;
			children = (
				DD8F73881E000234003E014D /* Base */,
			);
			name = LaunchScreen.storyboard;
			sourceTree = "<group>";
		};
/* End PBXVariantGroup section */

/* Begin XCBuildConfiguration section */
		DD8F738B1E000234003E014D /* Debug */ = {
			isa = XCBuildConfiguration;
			buildSettings = {
				ALWAYS_SEARCH_USER_PATHS = NO;
				CLANG_ANALYZER_NONNULL = YES;
				CLANG_CXX_LANGUAGE_STANDARD = "gnu++0x";
				CLANG_CXX_LIBRARY = "libc++";
				CLANG_ENABLE_MODULES = YES;
				CLANG_ENABLE_OBJC_ARC = YES;
				CLANG_WARN_BOOL_CONVERSION = YES;
				CLANG_WARN_CONSTANT_CONVERSION = YES;
				CLANG_WARN_DIRECT_OBJC_ISA_USAGE = YES_ERROR;
				CLANG_WARN_DOCUMENTATION_COMMENTS = YES;
				CLANG_WARN_EMPTY_BODY = YES;
				CLANG_WARN_ENUM_CONVERSION = YES;
				CLANG_WARN_INFINITE_RECURSION = YES;
				CLANG_WARN_INT_CONVERSION = YES;
				CLANG_WARN_OBJC_ROOT_CLASS = YES_ERROR;
				CLANG_WARN_SUSPICIOUS_MOVES = YES;
				CLANG_WARN_UNREACHABLE_CODE = YES;
				CLANG_WARN__DUPLICATE_METHOD_MATCH = YES;
				"CODE_SIGN_IDENTITY[sdk=iphoneos*]" = "iPhone Developer";
				COPY_PHASE_STRIP = NO;
				DEBUG_INFORMATION_FORMAT = dwarf;
				ENABLE_STRICT_OBJC_MSGSEND = YES;
				ENABLE_TESTABILITY = YES;
				GCC_C_LANGUAGE_STANDARD = gnu99;
				GCC_DYNAMIC_NO_PIC = NO;
				GCC_NO_COMMON_BLOCKS = YES;
				GCC_OPTIMIZATION_LEVEL = 0;
				GCC_PREPROCESSOR_DEFINITIONS = (
					"DEBUG=1",
					"$(inherited)",
				);
				GCC_WARN_64_TO_32_BIT_CONVERSION = YES;
				GCC_WARN_ABOUT_RETURN_TYPE = YES_ERROR;
				GCC_WARN_UNDECLARED_SELECTOR = YES;
				GCC_WARN_UNINITIALIZED_AUTOS = YES_AGGRESSIVE;
				GCC_WARN_UNUSED_FUNCTION = YES;
				GCC_WARN_UNUSED_VARIABLE = YES;
				IPHONEOS_DEPLOYMENT_TARGET = 10.0;
				MTL_ENABLE_DEBUG_INFO = YES;
				ONLY_ACTIVE_ARCH = YES;
				SDKROOT = iphoneos;
				SWIFT_ACTIVE_COMPILATION_CONDITIONS = DEBUG;
				SWIFT_OPTIMIZATION_LEVEL = "-Onone";
			};
			name = Debug;
		};
		DD8F738C1E000234003E014D /* Release */ = {
			isa = XCBuildConfiguration;
			buildSettings = {
				ALWAYS_SEARCH_USER_PATHS = NO;
				CLANG_ANALYZER_NONNULL = YES;
				CLANG_CXX_LANGUAGE_STANDARD = "gnu++0x";
				CLANG_CXX_LIBRARY = "libc++";
				CLANG_ENABLE_MODULES = YES;
				CLANG_ENABLE_OBJC_ARC = YES;
				CLANG_WARN_BOOL_CONVERSION = YES;
				CLANG_WARN_CONSTANT_CONVERSION = YES;
				CLANG_WARN_DIRECT_OBJC_ISA_USAGE = YES_ERROR;
				CLANG_WARN_DOCUMENTATION_COMMENTS = YES;
				CLANG_WARN_EMPTY_BODY = YES;
				CLANG_WARN_ENUM_CONVERSION = YES;
				CLANG_WARN_INFINITE_RECURSION = YES;
				CLANG_WARN_INT_CONVERSION = YES;
				CLANG_WARN_OBJC_ROOT_CLASS = YES_ERROR;
				CLANG_WARN_SUSPICIOUS_MOVES = YES;
				CLANG_WARN_UNREACHABLE_CODE = YES;
				CLANG_WARN__DUPLICATE_METHOD_MATCH = YES;
				"CODE_SIGN_IDENTITY[sdk=iphoneos*]" = "iPhone Developer";
				COPY_PHASE_STRIP = NO;
				DEBUG_INFORMATION_FORMAT = "dwarf-with-dsym";
				ENABLE_NS_ASSERTIONS = NO;
				ENABLE_STRICT_OBJC_MSGSEND = YES;
				GCC_C_LANGUAGE_STANDARD = gnu99;
				GCC_NO_COMMON_BLOCKS = YES;
				GCC_WARN_64_TO_32_BIT_CONVERSION = YES;
				GCC_WARN_ABOUT_RETURN_TYPE = YES_ERROR;
				GCC_WARN_UNDECLARED_SELECTOR = YES;
				GCC_WARN_UNINITIALIZED_AUTOS = YES_AGGRESSIVE;
				GCC_WARN_UNUSED_FUNCTION = YES;
				GCC_WARN_UNUSED_VARIABLE = YES;
				IPHONEOS_DEPLOYMENT_TARGET = 10.0;
				MTL_ENABLE_DEBUG_INFO = NO;
				SDKROOT = iphoneos;
				SWIFT_OPTIMIZATION_LEVEL = "-Owholemodule";
				VALIDATE_PRODUCT = YES;
			};
			name = Release;
		};
		DD8F738E1E000234003E014D /* Debug */ = {
			isa = XCBuildConfiguration;
			buildSettings = {
				ASSETCATALOG_COMPILER_APPICON_NAME = AppIcon;
				DEVELOPMENT_TEAM = Y364PD6P4Y;
				INFOPLIST_FILE = friendShip/Info.plist;
				LD_RUNPATH_SEARCH_PATHS = "$(inherited) @executable_path/Frameworks";
				PRODUCT_BUNDLE_IDENTIFIER = com.365ime.friendShip;
				PRODUCT_NAME = "$(TARGET_NAME)";
				SWIFT_VERSION = 3.0;
			};
			name = Debug;
		};
		DD8F738F1E000234003E014D /* Release */ = {
			isa = XCBuildConfiguration;
			buildSettings = {
				ASSETCATALOG_COMPILER_APPICON_NAME = AppIcon;
				DEVELOPMENT_TEAM = Y364PD6P4Y;
				INFOPLIST_FILE = friendShip/Info.plist;
				LD_RUNPATH_SEARCH_PATHS = "$(inherited) @executable_path/Frameworks";
				PRODUCT_BUNDLE_IDENTIFIER = com.365ime.friendShip;
				PRODUCT_NAME = "$(TARGET_NAME)";
				SWIFT_VERSION = 3.0;
			};
			name = Release;
		};
/* End XCBuildConfiguration section */

/* Begin XCConfigurationList section */
		DD8F73761E000234003E014D /* Build configuration list for PBXProject "friendShip" */ = {
			isa = XCConfigurationList;
			buildConfigurations = (
				DD8F738B1E000234003E014D /* Debug */,
				DD8F738C1E000234003E014D /* Release */,
			);
			defaultConfigurationIsVisible = 0;
			defaultConfigurationName = Release;
		};
		DD8F738D1E000234003E014D /* Build configuration list for PBXNativeTarget "friendShip" */ = {
			isa = XCConfigurationList;
			buildConfigurations = (
				DD8F738E1E000234003E014D /* Debug */,
				DD8F738F1E000234003E014D /* Release */,
			);
			defaultConfigurationIsVisible = 0;
		};
/* End XCConfigurationList section */
	};
	rootObject = DD8F73731E000234003E014D /* Project object */;
}
